{
  "name": "x-cells",
  "lockfileVersion": 3,
  "requires": true,
  "packages": {
    "node_modules/ammo.js": {
      "version": "0.0.10",
      "resolved": "https://registry.npmjs.org/ammo.js/-/ammo.js-0.0.10.tgz",
      "integrity": "sha512-jOv977u71jrDUzHfmQ99YaW90/y8YLn/3HFTmtLLzf5wJynAfG+/a1Ie5gbn0fE0uSAHxXVsFk4Bzq8qRPWqAA=="
    }
  }
}
